
Microsoft Visual Studio Solution File, Format Version 12.00
# Visual Studio Version 17
VisualStudioVersion = 17.4.33213.308
MinimumVisualStudioVersion = 10.0.40219.1
Project("{9A19103F-16F7-4668-BE54-9A1E7A4F7556}") = "WpfApp3", "WpfApp3\WpfApp3.csproj", "{569BD9C2-DF97-40A5-8E4F-B758B5759199}"
EndProject
Project("{2150E333-8FDC-42A3-9474-1A3956D46DE8}") = "Элементы решения", "Элементы решения", "{897C638E-CC3C-4344-8B33-77DE1F4078DA}"
	ProjectSection(SolutionItems) = preProject
		..\..\..\Downloads\seryj_odnotonnyj_fon_138531_1280x720.jpg = ..\..\..\Downloads\seryj_odnotonnyj_fon_138531_1280x720.jpg
	EndProjectSection
EndProject
Global
	GlobalSection(SolutionConfigurationPlatforms) = preSolution
		Debug|Any CPU = Debug|Any CPU
		Release|Any CPU = Release|Any CPU
	EndGlobalSection
	GlobalSection(ProjectConfigurationPlatforms) = postSolution
		{569BD9C2-DF97-40A5-8E4F-B758B5759199}.Debug|Any CPU.ActiveCfg = Debug|Any CPU
		{569BD9C2-DF97-40A5-8E4F-B758B5759199}.Debug|Any CPU.Build.0 = Debug|Any CPU
		{569BD9C2-DF97-40A5-8E4F-B758B5759199}.Release|Any CPU.ActiveCfg = Release|Any CPU
		{569BD9C2-DF97-40A5-8E4F-B758B5759199}.Release|Any CPU.Build.0 = Release|Any CPU
	EndGlobalSection
	GlobalSection(SolutionProperties) = preSolution
		HideSolutionNode = FALSE
	EndGlobalSection
	GlobalSection(ExtensibilityGlobals) = postSolution
		SolutionGuid = {8FABF1B4-2792-4EBB-A654-0CA5D9D7B3E2}
	EndGlobalSection
EndGlobal
